// !$*UTF8*$!
{
	archiveVersion = 1;
	classes = {
	};
	objectVersion = 50;
	objects = {

/* Begin PBXBuildFile section */
		ACE1099127468992002B3AF3 /* main.swift in Sources */ = {isa = PBXBuildFile; fileRef = ACE1099027468992002B3AF3 /* main.swift */; };
		ACE1099827468AE0002B3AF3 /* Elevator.swift in Sources */ = {isa = PBXBuildFile; fileRef = ACE1099727468AE0002B3AF3 /* Elevator.swift */; };
		ACE1099A27468C03002B3AF3 /* Apartment.swift in Sources */ = {isa = PBXBuildFile; fileRef = ACE1099927468C03002B3AF3 /* Apartment.swift */; };
		ACE1099C27468C37002B3AF3 /* Door.swift in Sources */ = {isa = PBXBuildFile; fileRef = ACE1099B27468C37002B3AF3 /* Door.swift */; };
		ACE1099E27468E14002B3AF3 /* Building.swift in Sources */ = {isa = PBXBuildFile; fileRef = ACE1099D27468E14002B3AF3 /* Building.swift */; };
		ACE109A02746905D002B3AF3 /* Floor.swift in Sources */ = {isa = PBXBuildFile; fileRef = ACE1099F2746905D002B3AF3 /* Floor.swift */; };
		ACE109A22747C95E002B3AF3 /* CommandEngine.swift in Sources */ = {isa = PBXBuildFile; fileRef = ACE109A12747C95E002B3AF3 /* CommandEngine.swift */; };
/* End PBXBuildFile section */

/* Begin PBXCopyFilesBuildPhase section */
		ACE1098B27468992002B3AF3 /* CopyFiles */ = {
			isa = PBXCopyFilesBuildPhase;
			buildActionMask = 2147483647;
			dstPath = /usr/share/man/man1/;
			dstSubfolderSpec = 0;
			files = (
			);
			runOnlyForDeploymentPostprocessing = 1;
		};
/* End PBXCopyFilesBuildPhase section */

/* Begin PBXFileReference section */
		ACE1098D27468992002B3AF3 /* OOPHomeworkSwift */ = {isa = PBXFileReference; explicitFileType = "compiled.mach-o.executable"; includeInIndex = 0; path = OOPHomeworkSwift; sourceTree = BUILT_PRODUCTS_DIR; };
		ACE1099027468992002B3AF3 /* main.swift */ = {isa = PBXFileReference; lastKnownFileType = sourcecode.swift; path = main.swift; sourceTree = "<group>"; };
		ACE1099727468AE0002B3AF3 /* Elevator.swift */ = {isa = PBXFileReference; lastKnownFileType = sourcecode.swift; path = Elevator.swift; sourceTree = "<group>"; };
		ACE1099927468C03002B3AF3 /* Apartment.swift */ = {isa = PBXFileReference; lastKnownFileType = sourcecode.swift; path = Apartment.swift; sourceTree = "<group>"; };
		ACE1099B27468C37002B3AF3 /* Door.swift */ = {isa = PBXFileReference; lastKnownFileType = sourcecode.swift; path = Door.swift; sourceTree = "<group>"; };
		ACE1099D27468E14002B3AF3 /* Building.swift */ = {isa = PBXFileReference; lastKnownFileType = sourcecode.swift; path = Building.swift; sourceTree = "<group>"; };
		ACE1099F2746905D002B3AF3 /* Floor.swift */ = {isa = PBXFileReference; lastKnownFileType = sourcecode.swift; path = Floor.swift; sourceTree = "<group>"; };
		ACE109A12747C95E002B3AF3 /* CommandEngine.swift */ = {isa = PBXFileReference; lastKnownFileType = sourcecode.swift; path = CommandEngine.swift; sourceTree = "<group>"; };
/* End PBXFileReference section */

/* Begin PBXFrameworksBuildPhase section */
		ACE1098A27468992002B3AF3 /* Frameworks */ = {
			isa = PBXFrameworksBuildPhase;
			buildActionMask = 2147483647;
			files = (
			);
			runOnlyForDeploymentPostprocessing = 0;
		};
/* End PBXFrameworksBuildPhase section */

/* Begin PBXGroup section */
		ACE1098427468992002B3AF3 = {
			isa = PBXGroup;
			children = (
				ACE1098F27468992002B3AF3 /* OOPHomeworkSwift */,
				ACE1098E27468992002B3AF3 /* Products */,
			);
			sourceTree = "<group>";
		};
		ACE1098E27468992002B3AF3 /* Products */ = {
			isa = PBXGroup;
			children = (
				ACE1098D27468992002B3AF3 /* OOPHomeworkSwift */,
			);
			name = Products;
			sourceTree = "<group>";
		};
		ACE1098F27468992002B3AF3 /* OOPHomeworkSwift */ = {
			isa = PBXGroup;
			children = (
				ACE1099027468992002B3AF3 /* main.swift */,
				ACE1099D27468E14002B3AF3 /* Building.swift */,
				ACE1099F2746905D002B3AF3 /* Floor.swift */,
				ACE1099727468AE0002B3AF3 /* Elevator.swift */,
				ACE1099927468C03002B3AF3 /* Apartment.swift */,
				ACE1099B27468C37002B3AF3 /* Door.swift */,
				ACE109A12747C95E002B3AF3 /* CommandEngine.swift */,
			);
			path = OOPHomeworkSwift;
			sourceTree = "<group>";
		};
/* End PBXGroup section */

/* Begin PBXNativeTarget section */
		ACE1098C27468992002B3AF3 /* OOPHomeworkSwift */ = {
			isa = PBXNativeTarget;
			buildConfigurationList = ACE1099427468993002B3AF3 /* Build configuration list for PBXNativeTarget "OOPHomeworkSwift" */;
			buildPhases = (
				ACE1098927468992002B3AF3 /* Sources */,
				ACE1098A27468992002B3AF3 /* Frameworks */,
				ACE1098B27468992002B3AF3 /* CopyFiles */,
			);
			buildRules = (
			);
			dependencies = (
			);
			name = OOPHomeworkSwift;
			productName = OOPHomeworkSwift;
			productReference = ACE1098D27468992002B3AF3 /* OOPHomeworkSwift */;
			productType = "com.apple.product-type.tool";
		};
/* End PBXNativeTarget section */

/* Begin PBXProject section */
		ACE1098527468992002B3AF3 /* Project object */ = {
			isa = PBXProject;
			attributes = {
				LastSwiftUpdateCheck = 1250;
				LastUpgradeCheck = 1250;
				TargetAttributes = {
					ACE1098C27468992002B3AF3 = {
						CreatedOnToolsVersion = 12.5.1;
					};
				};
			};
			buildConfigurationList = ACE1098827468992002B3AF3 /* Build configuration list for PBXProject "OOPHomeworkSwift" */;
			compatibilityVersion = "Xcode 9.3";
			developmentRegion = en;
			hasScannedForEncodings = 0;
			knownRegions = (
				en,
				Base,
			);
			mainGroup = ACE1098427468992002B3AF3;
			productRefGroup = ACE1098E27468992002B3AF3 /* Products */;
			projectDirPath = "";
			projectRoot = "";
			targets = (
				ACE1098C27468992002B3AF3 /* OOPHomeworkSwift */,
			);
		};
/* End PBXProject section */

/* Begin PBXSourcesBuildPhase section */
		ACE1098927468992002B3AF3 /* Sources */ = {
			isa = PBXSourcesBuildPhase;
			buildActionMask = 2147483647;
			files = (
				ACE109A22747C95E002B3AF3 /* CommandEngine.swift in Sources */,
				ACE109A02746905D002B3AF3 /* Floor.swift in Sources */,
				ACE1099127468992002B3AF3 /* main.swift in Sources */,
				ACE1099C27468C37002B3AF3 /* Door.swift in Sources */,
				ACE1099E27468E14002B3AF3 /* Building.swift in Sources */,
				ACE1099827468AE0002B3AF3 /* Elevator.swift in Sources */,
				ACE1099A27468C03002B3AF3 /* Apartment.swift in Sources */,
			);
			runOnlyForDeploymentPostprocessing = 0;
		};
/* End PBXSourcesBuildPhase section */

/* Begin XCBuildConfiguration section */
		ACE1099227468992002B3AF3 /* Debug */ = {
			isa = XCBuildConfiguration;
			buildSettings = {
				ALWAYS_SEARCH_USER_PATHS = NO;
				CLANG_ANALYZER_NONNULL = YES;
				CLANG_ANALYZER_NUMBER_OBJECT_CONVERSION = YES_AGGRESSIVE;
				CLANG_CXX_LANGUAGE_STANDARD = "gnu++14";
				CLANG_CXX_LIBRARY = "libc++";
				CLANG_ENABLE_MODULES = YES;
				CLANG_ENABLE_OBJC_ARC = YES;
				CLANG_ENABLE_OBJC_WEAK = YES;
				CLANG_WARN_BLOCK_CAPTURE_AUTORELEASING = YES;
				CLANG_WARN_BOOL_CONVERSION = YES;
				CLANG_WARN_COMMA = YES;
				CLANG_WARN_CONSTANT_CONVERSION = YES;
				CLANG_WARN_DEPRECATED_OBJC_IMPLEMENTATIONS = YES;
				CLANG_WARN_DIRECT_OBJC_ISA_USAGE = YES_ERROR;
				CLANG_WARN_DOCUMENTATION_COMMENTS = YES;
				CLANG_WARN_EMPTY_BODY = YES;
				CLANG_WARN_ENUM_CONVERSION = YES;
				CLANG_WARN_INFINITE_RECURSION = YES;
				CLANG_WARN_INT_CONVERSION = YES;
				CLANG_WARN_NON_LITERAL_NULL_CONVERSION = YES;
				CLANG_WARN_OBJC_IMPLICIT_RETAIN_SELF = YES;
				CLANG_WARN_OBJC_LITERAL_CONVERSION = YES;
				CLANG_WARN_OBJC_ROOT_CLASS = YES_ERROR;
				CLANG_WARN_QUOTED_INCLUDE_IN_FRAMEWORK_HEADER = YES;
				CLANG_WARN_RANGE_LOOP_ANALYSIS = YES;
				CLANG_WARN_STRICT_PROTOTYPES = YES;
				CLANG_WARN_SUSPICIOUS_MOVE = YES;
				CLANG_WARN_UNGUARDED_AVAILABILITY = YES_AGGRESSIVE;
				CLANG_WARN_UNREACHABLE_CODE = YES;
				CLANG_WARN__DUPLICATE_METHOD_MATCH = YES;
				COPY_PHASE_STRIP = NO;
				DEBUG_INFORMATION_FORMAT = dwarf;
				ENABLE_STRICT_OBJC_MSGSEND = YES;
				ENABLE_TESTABILITY = YES;
				GCC_C_LANGUAGE_STANDARD = gnu11;
				GCC_DYNAMIC_NO_PIC = NO;
				GCC_NO_COMMON_BLOCKS = YES;
				GCC_OPTIMIZATION_LEVEL = 0;
				GCC_PREPROCESSOR_DEFINITIONS = (
					"DEBUG=1",
					"$(inherited)",
				);
				GCC_WARN_64_TO_32_BIT_CONVERSION = YES;
				GCC_WARN_ABOUT_RETURN_TYPE = YES_ERROR;
				GCC_WARN_UNDECLARED_SELECTOR = YES;
				GCC_WARN_UNINITIALIZED_AUTOS = YES_AGGRESSIVE;
				GCC_WARN_UNUSED_FUNCTION = YES;
				GCC_WARN_UNUSED_VARIABLE = YES;
				MACOSX_DEPLOYMENT_TARGET = 11.3;
				MTL_ENABLE_DEBUG_INFO = INCLUDE_SOURCE;
				MTL_FAST_MATH = YES;
				ONLY_ACTIVE_ARCH = YES;
				SDKROOT = macosx;
				SWIFT_ACTIVE_COMPILATION_CONDITIONS = DEBUG;
				SWIFT_OPTIMIZATION_LEVEL = "-Onone";
			};
			name = Debug;
		};
		ACE1099327468992002B3AF3 /* Release */ = {
			isa = XCBuildConfiguration;
			buildSettings = {
				ALWAYS_SEARCH_USER_PATHS = NO;
				CLANG_ANALYZER_NONNULL = YES;
				CLANG_ANALYZER_NUMBER_OBJECT_CONVERSION = YES_AGGRESSIVE;
				CLANG_CXX_LANGUAGE_STANDARD = "gnu++14";
				CLANG_CXX_LIBRARY = "libc++";
				CLANG_ENABLE_MODULES = YES;
				CLANG_ENABLE_OBJC_ARC = YES;
				CLANG_ENABLE_OBJC_WEAK = YES;
				CLANG_WARN_BLOCK_CAPTURE_AUTORELEASING = YES;
				CLANG_WARN_BOOL_CONVERSION = YES;
				CLANG_WARN_COMMA = YES;
				CLANG_WARN_CONSTANT_CONVERSION = YES;
				CLANG_WARN_DEPRECATED_OBJC_IMPLEMENTATIONS = YES;
				CLANG_WARN_DIRECT_OBJC_ISA_USAGE = YES_ERROR;
				CLANG_WARN_DOCUMENTATION_COMMENTS = YES;
				CLANG_WARN_EMPTY_BODY = YES;
				CLANG_WARN_ENUM_CONVERSION = YES;
				CLANG_WARN_INFINITE_RECURSION = YES;
				CLANG_WARN_INT_CONVERSION = YES;
				CLANG_WARN_NON_LITERAL_NULL_CONVERSION = YES;
				CLANG_WARN_OBJC_IMPLICIT_RETAIN_SELF = YES;
				CLANG_WARN_OBJC_LITERAL_CONVERSION = YES;
				CLANG_WARN_OBJC_ROOT_CLASS = YES_ERROR;
				CLANG_WARN_QUOTED_INCLUDE_IN_FRAMEWORK_HEADER = YES;
				CLANG_WARN_RANGE_LOOP_ANALYSIS = YES;
				CLANG_WARN_STRICT_PROTOTYPES = YES;
				CLANG_WARN_SUSPICIOUS_MOVE = YES;
				CLANG_WARN_UNGUARDED_AVAILABILITY = YES_AGGRESSIVE;
				CLANG_WARN_UNREACHABLE_CODE = YES;
				CLANG_WARN__DUPLICATE_METHOD_MATCH = YES;
				COPY_PHASE_STRIP = NO;
				DEBUG_INFORMATION_FORMAT = "dwarf-with-dsym";
				ENABLE_NS_ASSERTIONS = NO;
				ENABLE_STRICT_OBJC_MSGSEND = YES;
				GCC_C_LANGUAGE_STANDARD = gnu11;
				GCC_NO_COMMON_BLOCKS = YES;
				GCC_WARN_64_TO_32_BIT_CONVERSION = YES;
				GCC_WARN_ABOUT_RETURN_TYPE = YES_ERROR;
				GCC_WARN_UNDECLARED_SELECTOR = YES;
				GCC_WARN_UNINITIALIZED_AUTOS = YES_AGGRESSIVE;
				GCC_WARN_UNUSED_FUNCTION = YES;
				GCC_WARN_UNUSED_VARIABLE = YES;
				MACOSX_DEPLOYMENT_TARGET = 11.3;
				MTL_ENABLE_DEBUG_INFO = NO;
				MTL_FAST_MATH = YES;
				SDKROOT = macosx;
				SWIFT_COMPILATION_MODE = wholemodule;
				SWIFT_OPTIMIZATION_LEVEL = "-O";
			};
			name = Release;
		};
		ACE1099527468993002B3AF3 /* Debug */ = {
			isa = XCBuildConfiguration;
			buildSettings = {
				CODE_SIGN_STYLE = Automatic;
				PRODUCT_NAME = "$(TARGET_NAME)";
				SWIFT_VERSION = 5.0;
			};
			name = Debug;
		};
		ACE1099627468993002B3AF3 /* Release */ = {
			isa = XCBuildConfiguration;
			buildSettings = {
				CODE_SIGN_STYLE = Automatic;
				PRODUCT_NAME = "$(TARGET_NAME)";
				SWIFT_VERSION = 5.0;
			};
			name = Release;
		};
/* End XCBuildConfiguration section */

/* Begin XCConfigurationList section */
		ACE1098827468992002B3AF3 /* Build configuration list for PBXProject "OOPHomeworkSwift" */ = {
			isa = XCConfigurationList;
			buildConfigurations = (
				ACE1099227468992002B3AF3 /* Debug */,
				ACE1099327468992002B3AF3 /* Release */,
			);
			defaultConfigurationIsVisible = 0;
			defaultConfigurationName = Release;
		};
		ACE1099427468993002B3AF3 /* Build configuration list for PBXNativeTarget "OOPHomeworkSwift" */ = {
			isa = XCConfigurationList;
			buildConfigurations = (
				ACE1099527468993002B3AF3 /* Debug */,
				ACE1099627468993002B3AF3 /* Release */,
			);
			defaultConfigurationIsVisible = 0;
			defaultConfigurationName = Release;
		};
/* End XCConfigurationList section */
	};
	rootObject = ACE1098527468992002B3AF3 /* Project object */;
}
